<?xml version="1.0" encoding="UTF-8" standalone="yes" ?>
<CodeBlocks_project_file>
	<FileVersion major="1" minor="6" />
	<Project>
		<Option title="CIS29_project" />
		<Option pch_mode="2" />
		<Option compiler="gcc" />
		<Build>
			<Target title="Debug">
				<Option output="bin/Debug/CIS29_project" prefix_auto="1" extension_auto="1" />
				<Option object_output="obj/Debug/" />
				<Option type="1" />
				<Option compiler="gcc" />
				<Compiler>
					<Add option="-Wextra" />
					<Add option="-Wall" />
					<Add option="-std=c++11" />
					<Add option="-g" />
				</Compiler>
			</Target>
			<Target title="Release">
				<Option output="bin/Release/CIS29_project" prefix_auto="1" extension_auto="1" />
				<Option object_output="obj/Release/" />
				<Option type="1" />
				<Option compiler="gcc" />
				<Compiler>
					<Add option="-O2" />
				</Compiler>
				<Linker>
					<Add option="-s" />
				</Linker>
			</Target>
		</Build>
		<Compiler>
			<Add option="-Wall" />
		</Compiler>
		<Unit filename="include/Character.h" />
		<Unit filename="include/Crafting.h" />
		<Unit filename="include/Dialogue.h" />
		<Unit filename="include/Enemy.h" />
		<Unit filename="include/Hunter.h" />
		<Unit filename="include/Inventory.h" />
		<Unit filename="include/Item.h" />
		<Unit filename="include/Map.h" />
		<Unit filename="include/Merchant.h" />
		<Unit filename="include/Patrol.h" />
		<Unit filename="include/Player.h" />
		<Unit filename="include/RandNumber.h" />
		<Unit filename="include/RandoSpeak.h" />
		<Unit filename="include/Sentry.h" />
		<Unit filename="include/Tile.h" />
		<Unit filename="main.cpp" />
		<Unit filename="src/Character.cpp" />
		<Unit filename="src/Dialogue.cpp" />
		<Unit filename="src/Enemy.cpp" />
		<Unit filename="src/Inventory.cpp" />
		<Unit filename="src/Item.cpp" />
		<Unit filename="src/Map.cpp" />
		<Unit filename="src/Merchant.cpp" />
		<Unit filename="src/Player.cpp" />
		<Unit filename="src/RandNumber.cpp" />
		<Unit filename="src/RandoSpeak.cpp" />
		<Unit filename="src/Tile.cpp" />
		<Extensions>
			<code_completion />
			<envvars />
			<debugger />
			<lib_finder disable_auto="1" />
		</Extensions>
	</Project>
</CodeBlocks_project_file>
